{
  "requires": true,
  "lockfileVersion": 1,
  "dependencies": {
    "@types/faker": {
      "version": "4.1.5",
      "resolved": "https://registry.npmjs.org/@types/faker/-/faker-4.1.5.tgz",
      "integrity": "sha512-YSDqoBEWYGdNk53xSkkb6REaUaVSlIjxIAGjj/nbLzlZOit7kUU+nA2zC2qQkIVO4MQ+3zl4Sz7aw+kbpHHHUQ==",
      "dev": true
    }
  }
}
