
Microsoft Visual Studio Solution File, Format Version 12.00
# Visual Studio 15
VisualStudioVersion = 15.0.28307.421
MinimumVisualStudioVersion = 10.0.40219.1
Project("{9A19103F-16F7-4668-BE54-9A1E7A4F7556}") = "ApiGraphQL", "ApiGraphQL\ApiGraphQL.csproj", "{B6E7B817-5884-4A2E-BF97-3C5AA4C722F1}"
EndProject
Project("{9A19103F-16F7-4668-BE54-9A1E7A4F7556}") = "Infrastructure", "Infrastructure\Infrastructure.csproj", "{14C0E0C3-81AA-48BC-8B5F-994BAE26EE2A}"
EndProject
Project("{9A19103F-16F7-4668-BE54-9A1E7A4F7556}") = "ApiREST", "ApiREST\ApiREST.csproj", "{632A4676-14FB-4A80-8409-EF1D170074B5}"
EndProject
Project("{9A19103F-16F7-4668-BE54-9A1E7A4F7556}") = "ServicesQueries", "ServicesQuery\ServicesQueries.csproj", "{D4376581-2444-4BB2-90C3-30CC29C84520}"
EndProject
Project("{9A19103F-16F7-4668-BE54-9A1E7A4F7556}") = "ServicesCommands", "ServicesCommands\ServicesCommands.csproj", "{5D5829E4-47A8-4376-8EF1-8A5F4A15D11C}"
EndProject
Project("{FAE04EC0-301F-11D3-BF4B-00C04F79EFBC}") = "RestAPI2", "RestAPI2\RestAPI2.csproj", "{6EF7085A-0BE4-44F9-A575-EF3A8F5B18E1}"
EndProject
Global
	GlobalSection(SolutionConfigurationPlatforms) = preSolution
		Debug|Any CPU = Debug|Any CPU
		Release|Any CPU = Release|Any CPU
	EndGlobalSection
	GlobalSection(ProjectConfigurationPlatforms) = postSolution
		{B6E7B817-5884-4A2E-BF97-3C5AA4C722F1}.Debug|Any CPU.ActiveCfg = Debug|Any CPU
		{B6E7B817-5884-4A2E-BF97-3C5AA4C722F1}.Debug|Any CPU.Build.0 = Debug|Any CPU
		{B6E7B817-5884-4A2E-BF97-3C5AA4C722F1}.Release|Any CPU.ActiveCfg = Release|Any CPU
		{B6E7B817-5884-4A2E-BF97-3C5AA4C722F1}.Release|Any CPU.Build.0 = Release|Any CPU
		{14C0E0C3-81AA-48BC-8B5F-994BAE26EE2A}.Debug|Any CPU.ActiveCfg = Debug|Any CPU
		{14C0E0C3-81AA-48BC-8B5F-994BAE26EE2A}.Debug|Any CPU.Build.0 = Debug|Any CPU
		{14C0E0C3-81AA-48BC-8B5F-994BAE26EE2A}.Release|Any CPU.ActiveCfg = Release|Any CPU
		{14C0E0C3-81AA-48BC-8B5F-994BAE26EE2A}.Release|Any CPU.Build.0 = Release|Any CPU
		{632A4676-14FB-4A80-8409-EF1D170074B5}.Debug|Any CPU.ActiveCfg = Debug|Any CPU
		{632A4676-14FB-4A80-8409-EF1D170074B5}.Debug|Any CPU.Build.0 = Debug|Any CPU
		{632A4676-14FB-4A80-8409-EF1D170074B5}.Release|Any CPU.ActiveCfg = Release|Any CPU
		{632A4676-14FB-4A80-8409-EF1D170074B5}.Release|Any CPU.Build.0 = Release|Any CPU
		{D4376581-2444-4BB2-90C3-30CC29C84520}.Debug|Any CPU.ActiveCfg = Debug|Any CPU
		{D4376581-2444-4BB2-90C3-30CC29C84520}.Debug|Any CPU.Build.0 = Debug|Any CPU
		{D4376581-2444-4BB2-90C3-30CC29C84520}.Release|Any CPU.ActiveCfg = Release|Any CPU
		{D4376581-2444-4BB2-90C3-30CC29C84520}.Release|Any CPU.Build.0 = Release|Any CPU
		{5D5829E4-47A8-4376-8EF1-8A5F4A15D11C}.Debug|Any CPU.ActiveCfg = Debug|Any CPU
		{5D5829E4-47A8-4376-8EF1-8A5F4A15D11C}.Debug|Any CPU.Build.0 = Debug|Any CPU
		{5D5829E4-47A8-4376-8EF1-8A5F4A15D11C}.Release|Any CPU.ActiveCfg = Release|Any CPU
		{5D5829E4-47A8-4376-8EF1-8A5F4A15D11C}.Release|Any CPU.Build.0 = Release|Any CPU
		{6EF7085A-0BE4-44F9-A575-EF3A8F5B18E1}.Debug|Any CPU.ActiveCfg = Debug|Any CPU
		{6EF7085A-0BE4-44F9-A575-EF3A8F5B18E1}.Debug|Any CPU.Build.0 = Debug|Any CPU
		{6EF7085A-0BE4-44F9-A575-EF3A8F5B18E1}.Release|Any CPU.ActiveCfg = Release|Any CPU
		{6EF7085A-0BE4-44F9-A575-EF3A8F5B18E1}.Release|Any CPU.Build.0 = Release|Any CPU
	EndGlobalSection
	GlobalSection(SolutionProperties) = preSolution
		HideSolutionNode = FALSE
	EndGlobalSection
	GlobalSection(ExtensibilityGlobals) = postSolution
		SolutionGuid = {32150091-1657-4A87-87CF-F4CD00289E7F}
	EndGlobalSection
EndGlobal
